{
  "name": "sanity-stream",
  "version": "1.0.0",
  "lockfileVersion": 1,
  "requires": true,
  "dependencies": {
    "gps-distance": {
      "version": "0.0.4",
      "resolved": "https://registry.npmjs.org/gps-distance/-/gps-distance-0.0.4.tgz",
      "integrity": "sha1-8LSoFyxmj97AZSkaSZm5YfGRbRA="
    },
    "highland": {
      "version": "2.13.0",
      "resolved": "https://registry.npmjs.org/highland/-/highland-2.13.0.tgz",
      "integrity": "sha512-zGZBcgAHPY2Zf9VG9S5IrlcC7CH9ELioXVtp9T5bU2a4fP2zIsA+Y8pV/n/h2lMwbWMHTX0I0xN0ODJ3Pd3aBQ==",
      "requires": {
        "util-deprecate": "^1.0.2"
      }
    },
    "lodash": {
      "version": "4.17.10",
      "resolved": "https://registry.npmjs.org/lodash/-/lodash-4.17.10.tgz",
      "integrity": "sha512-UejweD1pDoXu+AD825lWwp4ZGtSwgnpZxb3JDViD7StjQz+Nb/6l093lx4OQ0foGWNRoc19mWy7BzL+UAK2iVg=="
    },
    "lodash.get": {
      "version": "4.4.2",
      "resolved": "https://registry.npmjs.org/lodash.get/-/lodash.get-4.4.2.tgz",
      "integrity": "sha1-LRd/ZS+jHpObRDjVNBSZ36OCXpk="
    },
    "util-deprecate": {
      "version": "1.0.2",
      "resolved": "https://registry.npmjs.org/util-deprecate/-/util-deprecate-1.0.2.tgz",
      "integrity": "sha1-RQ1Nyfpw3nMnYvvS1KKJgUGaDM8="
    }
  }
}
